
Microsoft Visual Studio Solution File, Format Version 12.00
# Visual Studio Version 16
VisualStudioVersion = 16.0.30907.101
MinimumVisualStudioVersion = 10.0.40219.1
Project("{9A19103F-16F7-4668-BE54-9A1E7A4F7556}") = "ISBN", "ISBN.csproj", "{CE38C4F8-8011-4C4D-A0CA-0EF193DDE0E5}"
	ProjectSection(ProjectDependencies) = postProject
		{5C76825D-C3FF-4C8A-A61B-4C228DF0168B} = {5C76825D-C3FF-4C8A-A61B-4C228DF0168B}
	EndProjectSection
EndProject
Project("{9A19103F-16F7-4668-BE54-9A1E7A4F7556}") = "ISBN.Tests", "ISBN.Tests\ISBN.Tests.csproj", "{830FB591-C9BE-4C7C-8BF0-78CE07A5107C}"
EndProject
Project("{9A19103F-16F7-4668-BE54-9A1E7A4F7556}") = "BookInfoProvider", "BookInfoProvider\BookInfoProvider.csproj", "{5C76825D-C3FF-4C8A-A61B-4C228DF0168B}"
EndProject
Global
	GlobalSection(SolutionConfigurationPlatforms) = preSolution
		Debug|Any CPU = Debug|Any CPU
		Release|Any CPU = Release|Any CPU
	EndGlobalSection
	GlobalSection(ProjectConfigurationPlatforms) = postSolution
		{CE38C4F8-8011-4C4D-A0CA-0EF193DDE0E5}.Debug|Any CPU.ActiveCfg = Debug|Any CPU
		{CE38C4F8-8011-4C4D-A0CA-0EF193DDE0E5}.Debug|Any CPU.Build.0 = Debug|Any CPU
		{CE38C4F8-8011-4C4D-A0CA-0EF193DDE0E5}.Release|Any CPU.ActiveCfg = Release|Any CPU
		{CE38C4F8-8011-4C4D-A0CA-0EF193DDE0E5}.Release|Any CPU.Build.0 = Release|Any CPU
		{830FB591-C9BE-4C7C-8BF0-78CE07A5107C}.Debug|Any CPU.ActiveCfg = Debug|Any CPU
		{830FB591-C9BE-4C7C-8BF0-78CE07A5107C}.Debug|Any CPU.Build.0 = Debug|Any CPU
		{830FB591-C9BE-4C7C-8BF0-78CE07A5107C}.Release|Any CPU.ActiveCfg = Release|Any CPU
		{830FB591-C9BE-4C7C-8BF0-78CE07A5107C}.Release|Any CPU.Build.0 = Release|Any CPU
		{5C76825D-C3FF-4C8A-A61B-4C228DF0168B}.Debug|Any CPU.ActiveCfg = Debug|Any CPU
		{5C76825D-C3FF-4C8A-A61B-4C228DF0168B}.Debug|Any CPU.Build.0 = Debug|Any CPU
		{5C76825D-C3FF-4C8A-A61B-4C228DF0168B}.Release|Any CPU.ActiveCfg = Release|Any CPU
		{5C76825D-C3FF-4C8A-A61B-4C228DF0168B}.Release|Any CPU.Build.0 = Release|Any CPU
	EndGlobalSection
	GlobalSection(SolutionProperties) = preSolution
		HideSolutionNode = FALSE
	EndGlobalSection
	GlobalSection(ExtensibilityGlobals) = postSolution
		SolutionGuid = {CA49D863-D0AD-4561-A1C6-59934BB1C0D5}
	EndGlobalSection
EndGlobal
